# THIS IS AN AUTOGENERATED FILE. DO NOT EDIT THIS FILE DIRECTLY.
# yarn lockfile v1


"@babel/code-frame@^7.12.13":
  version "7.18.6"
  resolved "https://registry.npmjs.org/@babel/code-frame/-/code-frame-7.18.6.tgz"
  integrity sha512-TDCmlK5eOvH+eH7cdAFlNXeVJqWIQ7gW9tY1GJIpUtFb6CmjVyq2VM3u71bOyR8CRihcCgMUYoDNyLXao3+70Q==
  dependencies:
    "@babel/highlight" "^7.18.6"

"@babel/helper-validator-identifier@^7.18.6":
  version "7.19.1"
  resolved "https://registry.npmjs.org/@babel/helper-validator-identifier/-/helper-validator-identifier-7.19.1.tgz"
  integrity sha512-awrNfaMtnHUr653GgGEs++LlAvW6w+DcPrOliSMXWCKo597CwL5Acf/wWdNkf/tfEQE3mjkeD1YOVZOUV/od1w==

"@babel/highlight@^7.18.6":
  version "7.18.6"
  resolved "https://registry.npmjs.org/@babel/highlight/-/highlight-7.18.6.tgz"
  integrity sha512-u7stbOuYjaPezCuLj29hNW1v64M2Md2qupEKP1fHc7WdOA3DgLh37suiSrZYY7haUB7iBeQZ9P1uiRF359do3g==
  dependencies:
    "@babel/helper-validator-identifier" "^7.18.6"
    chalk "^2.0.0"
    js-tokens "^4.0.0"

"@jest/expect-utils@^29.1.2":
  version "29.1.2"
  resolved "https://registry.npmjs.org/@jest/expect-utils/-/expect-utils-29.1.2.tgz"
  integrity sha512-4a48bhKfGj/KAH39u0ppzNTABXQ8QPccWAFUFobWBaEMSMp+sB31Z2fK/l47c4a/Mu1po2ffmfAIPxXbVTXdtg==
  dependencies:
    jest-get-type "^29.0.0"

"@jest/schemas@^29.0.0":
  version "29.0.0"
  resolved "https://registry.npmjs.org/@jest/schemas/-/schemas-29.0.0.tgz"
  integrity sha512-3Ab5HgYIIAnS0HjqJHQYZS+zXc4tUmTmBH3z83ajI6afXp8X3ZtdLX+nXx+I7LNkJD7uN9LAVhgnjDgZa2z0kA==
  dependencies:
    "@sinclair/typebox" "^0.24.1"

"@jest/types@^29.1.2":
  version "29.1.2"
  resolved "https://registry.npmjs.org/@jest/types/-/types-29.1.2.tgz"
  integrity sha512-DcXGtoTykQB5jiwCmVr8H4vdg2OJhQex3qPkG+ISyDO7xQXbt/4R6dowcRyPemRnkH7JoHvZuxPBdlq+9JxFCg==
  dependencies:
    "@jest/schemas" "^29.0.0"
    "@types/istanbul-lib-coverage" "^2.0.0"
    "@types/istanbul-reports" "^3.0.0"
    "@types/node" "*"
    "@types/yargs" "^17.0.8"
    chalk "^4.0.0"

"@next/env@13.4.13":
  version "13.4.13"
  resolved "https://registry.yarnpkg.com/@next/env/-/env-13.4.13.tgz#50250cec7626904b93a4a934933d6a747763259d"
  integrity sha512-fwz2QgVg08v7ZL7KmbQBLF2PubR/6zQdKBgmHEl3BCyWTEDsAQEijjw2gbFhI1tcKfLdOOJUXntz5vZ4S0Polg==

"@next/swc-darwin-arm64@13.4.13":
  version "13.4.13"
  resolved "https://registry.yarnpkg.com/@next/swc-darwin-arm64/-/swc-darwin-arm64-13.4.13.tgz#700fddf66c936c89f98eb60d88cc3d06642aa0bf"
  integrity sha512-ZptVhHjzUuivnXMNCJ6lER33HN7lC+rZ01z+PM10Ows21NHFYMvGhi5iXkGtBDk6VmtzsbqnAjnx4Oz5um0FjA==

"@next/swc-darwin-x64@13.4.13":
  version "13.4.13"
  resolved "https://registry.yarnpkg.com/@next/swc-darwin-x64/-/swc-darwin-x64-13.4.13.tgz#762d422cb31b27807c9bf4eac766986742a051fe"
  integrity sha512-t9nTiWCLApw8W4G1kqJyYP7y6/7lyal3PftmRturIxAIBlZss9wrtVN8nci50StDHmIlIDxfguYIEGVr9DbFTg==

"@next/swc-linux-arm64-gnu@13.4.13":
  version "13.4.13"
  resolved "https://registry.yarnpkg.com/@next/swc-linux-arm64-gnu/-/swc-linux-arm64-gnu-13.4.13.tgz#d567943a0111dcf26de6e5e034874b405057facc"
  integrity sha512-xEHUqC8eqR5DHe8SOmMnDU1K3ggrJ28uIKltrQAwqFSSSmzjnN/XMocZkcVhuncuxYrpbri0iMQstRyRVdQVWg==

"@next/swc-linux-arm64-musl@13.4.13":
  version "13.4.13"
  resolved "https://registry.yarnpkg.com/@next/swc-linux-arm64-musl/-/swc-linux-arm64-musl-13.4.13.tgz#775f246123b8f1f3726dc14d80c7f7b67bc50cb4"
  integrity sha512-sNf3MnLAm8rquSSAoeD9nVcdaDeRYOeey4stOWOyWIgbBDtP+C93amSgH/LPTDoUV7gNiU6f+ghepTjTjRgIUQ==

"@next/swc-linux-x64-gnu@13.4.13":
  version "13.4.13"
  resolved "https://registry.yarnpkg.com/@next/swc-linux-x64-gnu/-/swc-linux-x64-gnu-13.4.13.tgz#d5fc6441c181bfa09f3cb0285bf3cbb5b111e53b"
  integrity sha512-WhcRaJJSHyx9OWmKjjz+OWHumiPZWRqmM/09Bt7Up4UqUJFFhGExeztR4trtv3rflvULatu9IH/nTV8fUUgaMA==

"@next/swc-linux-x64-musl@13.4.13":
  version "13.4.13"
  resolved "https://registry.yarnpkg.com/@next/swc-linux-x64-musl/-/swc-linux-x64-musl-13.4.13.tgz#6286557e7cc7a0acb3cf0c69e279b3ae2b9a9259"
  integrity sha512-+Y4LLhOWWZQIDKVwr2R17lq2KSN0F1c30QVgGIWfnjjHpH8nrIWHEndhqYU+iFuW8It78CiJjQKTw4f51HD7jA==

"@next/swc-win32-arm64-msvc@13.4.13":
  version "13.4.13"
  resolved "https://registry.yarnpkg.com/@next/swc-win32-arm64-msvc/-/swc-win32-arm64-msvc-13.4.13.tgz#6a50b4b8ee55eb5564c2bd33eefedb9306986b0a"
  integrity sha512-rWurdOR20uxjfqd1X9vDAgv0Jb26KjyL8akF9CBeFqX8rVaBAnW/Wf6A2gYEwyYY4Bai3T7p1kro6DFrsvBAAw==

"@next/swc-win32-ia32-msvc@13.4.13":
  version "13.4.13"
  resolved "https://registry.yarnpkg.com/@next/swc-win32-ia32-msvc/-/swc-win32-ia32-msvc-13.4.13.tgz#02e98e1d4cd7a81de58a78044c5f2a5d7fdf4c83"
  integrity sha512-E8bSPwRuY5ibJ3CzLQmJEt8qaWrPYuUTwnrwygPUEWoLzD5YRx9SD37oXRdU81TgGwDzCxpl7z5Nqlfk50xAog==

"@next/swc-win32-x64-msvc@13.4.13":
  version "13.4.13"
  resolved "https://registry.yarnpkg.com/@next/swc-win32-x64-msvc/-/swc-win32-x64-msvc-13.4.13.tgz#db150b7d84e6218e53e748a6f0ab2159afc2cd6a"
  integrity sha512-4KlyC6jWRubPnppgfYsNTPeWfGCxtWLh5vaOAW/kdzAk9widqho8Qb5S4K2vHmal1tsURi7Onk2MMCV1phvyqA==

"@sinclair/typebox@^0.24.1":
  version "0.24.44"
  resolved "https://registry.npmjs.org/@sinclair/typebox/-/typebox-0.24.44.tgz"
  integrity sha512-ka0W0KN5i6LfrSocduwliMMpqVgohtPFidKdMEOUjoOFCHcOOYkKsPRxfs5f15oPNHTm6ERAm0GV/+/LTKeiWg==

"@supabase/auth-helpers-nextjs@^0.7.2":
  version "0.7.2"
  resolved "https://registry.yarnpkg.com/@supabase/auth-helpers-nextjs/-/auth-helpers-nextjs-0.7.2.tgz#dc3f8b27999ccaebeb1a19b654875384269bb17d"
  integrity sha512-n5IyGBYJV/WiR5Rgw4CUaiJYiOv9yW2of4ZP4EyzKt2O6/6rztt7PcGE4AoK2vERw+fb5F2QtJBdt6J5eOYCCw==
  dependencies:
    "@supabase/auth-helpers-shared" "0.4.1"
    set-cookie-parser "^2.6.0"

"@supabase/auth-helpers-shared@0.4.1":
  version "0.4.1"
  resolved "https://registry.yarnpkg.com/@supabase/auth-helpers-shared/-/auth-helpers-shared-0.4.1.tgz#46f53f7ac1e80f6bcb69b5bc95e15b237a80d819"
  integrity sha512-IEDX9JzWkIjQiLUaP4Qy5YDiG0jFQatWfS+jw8cCQs6QfbNdEPd2Y3qonwGHnM90CZom9SvjuylBv2pFVAL7Lw==
  dependencies:
    jose "^4.14.3"

"@supabase/functions-js@^2.1.0":
  version "2.1.2"
  resolved "https://registry.npmjs.org/@supabase/functions-js/-/functions-js-2.1.2.tgz"
  integrity sha512-QCR6pwJs9exCl37bmpMisUd6mf+0SUBJ6mUpiAjEkSJ/+xW8TCuO14bvkWHADd5hElJK9MxNlMQXxSA4DRz9nQ==
  dependencies:
    cross-fetch "^3.1.5"

"@supabase/gotrue-js@^2.31.0":
  version "2.39.1"
  resolved "https://registry.npmjs.org/@supabase/gotrue-js/-/gotrue-js-2.39.1.tgz"
  integrity sha512-qRz9mBleA/QATGKOdMAUjpn+YcbZJrTHyWQCe2hAFqJo15JIe1XziD1ZeFraRpsXwja+vONslGeynGv7H8ZZeQ==
  dependencies:
    cross-fetch "^3.1.5"

"@supabase/postgrest-js@^1.7.0":
  version "1.7.2"
  resolved "https://registry.npmjs.org/@supabase/postgrest-js/-/postgrest-js-1.7.2.tgz"
  integrity sha512-GK80JpRq8l6Qll85erICypAfQCied8tdlXfsDN14W844HqXCSOisk8AaE01DAwGJanieaoN5fuqhzA2yKxDvEQ==
  dependencies:
    cross-fetch "^3.1.5"

"@supabase/realtime-js@^2.7.3":
  version "2.7.3"
  resolved "https://registry.npmjs.org/@supabase/realtime-js/-/realtime-js-2.7.3.tgz"
  integrity sha512-c7TzL81sx2kqyxsxcDduJcHL9KJdCOoKimGP6lQSqiZKX42ATlBZpWbyy9KFGFBjAP4nyopMf5JhPi2ZH9jyNw==
  dependencies:
    "@types/phoenix" "^1.5.4"
    "@types/websocket" "^1.0.3"
    websocket "^1.0.34"

"@supabase/storage-js@^2.5.1":
  version "2.5.1"
  resolved "https://registry.npmjs.org/@supabase/storage-js/-/storage-js-2.5.1.tgz"
  integrity sha512-nkR0fQA9ScAtIKA3vNoPEqbZv1k5B5HVRYEvRWdlP6mUpFphM9TwPL2jZ/ztNGMTG5xT6SrHr+H7Ykz8qzbhjw==
  dependencies:
    cross-fetch "^3.1.5"

"@supabase/supabase-js@^2.26.0":
  version "2.26.0"
  resolved "https://registry.npmjs.org/@supabase/supabase-js/-/supabase-js-2.26.0.tgz"
  integrity sha512-RXmTPTobaYAwkSobadHZmEVLmzX3SGrtRZIGfLWnLv92VzBRrjuXn0a+bJqKl50GUzsyqPA+j5pod7EwMkcH5A==
  dependencies:
    "@supabase/functions-js" "^2.1.0"
    "@supabase/gotrue-js" "^2.31.0"
    "@supabase/postgrest-js" "^1.7.0"
    "@supabase/realtime-js" "^2.7.3"
    "@supabase/storage-js" "^2.5.1"
    cross-fetch "^3.1.5"

"@swc/helpers@0.5.1":
  version "0.5.1"
  resolved "https://registry.yarnpkg.com/@swc/helpers/-/helpers-0.5.1.tgz#e9031491aa3f26bfcc974a67f48bd456c8a5357a"
  integrity sha512-sJ902EfIzn1Fa+qYmjdQqh8tPsoxyBz+8yBKC2HKUxyezKJFwPGOn7pv4WY6QuQW//ySQi5lJjA/ZT9sNWWNTg==
  dependencies:
    tslib "^2.4.0"

"@types/istanbul-lib-coverage@*", "@types/istanbul-lib-coverage@^2.0.0":
  version "2.0.4"
  resolved "https://registry.npmjs.org/@types/istanbul-lib-coverage/-/istanbul-lib-coverage-2.0.4.tgz"
  integrity sha512-z/QT1XN4K4KYuslS23k62yDIDLwLFkzxOuMplDtObz0+y7VqJCaO2o+SPwHCvLFZh7xazvvoor2tA/hPz9ee7g==

"@types/istanbul-lib-report@*":
  version "3.0.0"
  resolved "https://registry.npmjs.org/@types/istanbul-lib-report/-/istanbul-lib-report-3.0.0.tgz"
  integrity sha512-plGgXAPfVKFoYfa9NpYDAkseG+g6Jr294RqeqcqDixSbU34MZVJRi/P+7Y8GDpzkEwLaGZZOpKIEmeVZNtKsrg==
  dependencies:
    "@types/istanbul-lib-coverage" "*"

"@types/istanbul-reports@^3.0.0":
  version "3.0.1"
  resolved "https://registry.npmjs.org/@types/istanbul-reports/-/istanbul-reports-3.0.1.tgz"
  integrity sha512-c3mAZEuK0lvBp8tmuL74XRKn1+y2dcwOUpH7x4WrF6gk1GIgiluDRgMYQtw2OFcBvAJWlt6ASU3tSqxp0Uu0Aw==
  dependencies:
    "@types/istanbul-lib-report" "*"

"@types/jest@^29.1.1":
  version "29.1.1"
  resolved "https://registry.npmjs.org/@types/jest/-/jest-29.1.1.tgz"
  integrity sha512-U9Ey07dGWl6fUFaIaUQUKWG5NoKi/zizeVQCGV8s4nSU0jPgqphVZvS64+8BtWYvrc3ZGw6wo943NSYPxkrp/g==
  dependencies:
    expect "^29.0.0"
    pretty-format "^29.0.0"

"@types/node@*", "@types/node@^18.8.1":
  version "18.8.1"
  resolved "https://registry.npmjs.org/@types/node/-/node-18.8.1.tgz"
  integrity sha512-vuYaNuEIbOYLTLUAJh50ezEbvxrD43iby+lpUA2aa148Nh5kX/AVO/9m1Ahmbux2iU5uxJTNF9g2Y+31uml7RQ==

"@types/phoenix@^1.5.4":
  version "1.6.0"
  resolved "https://registry.npmjs.org/@types/phoenix/-/phoenix-1.6.0.tgz"
  integrity sha512-qwfpsHmFuhAS/dVd4uBIraMxRd56vwBUYQGZ6GpXnFuM2XMRFJbIyruFKKlW2daQliuYZwe0qfn/UjFCDKic5g==

"@types/prop-types@*":
  version "15.7.5"
  resolved "https://registry.npmjs.org/@types/prop-types/-/prop-types-15.7.5.tgz"
  integrity sha512-JCB8C6SnDoQf0cNycqd/35A7MjcnK+ZTqE7judS6o7utxUCg6imJg3QK2qzHKszlTjcj2cn+NwMB2i96ubpj7w==

"@types/react-dom@^18.0.6":
  version "18.0.6"
  resolved "https://registry.npmjs.org/@types/react-dom/-/react-dom-18.0.6.tgz"
  integrity sha512-/5OFZgfIPSwy+YuIBP/FgJnQnsxhZhjjrnxudMddeblOouIodEQ75X14Rr4wGSG/bknL+Omy9iWlLo1u/9GzAA==
  dependencies:
    "@types/react" "*"

"@types/react@*", "@types/react@^18.0.21":
  version "18.0.21"
  resolved "https://registry.npmjs.org/@types/react/-/react-18.0.21.tgz"
  integrity sha512-7QUCOxvFgnD5Jk8ZKlUAhVcRj7GuJRjnjjiY/IUBWKgOlnvDvTMLD4RTF7NPyVmbRhNrbomZiOepg7M/2Kj1mA==
  dependencies:
    "@types/prop-types" "*"
    "@types/scheduler" "*"
    csstype "^3.0.2"

"@types/scheduler@*":
  version "0.16.2"
  resolved "https://registry.npmjs.org/@types/scheduler/-/scheduler-0.16.2.tgz"
  integrity sha512-hppQEBDmlwhFAXKJX2KnWLYu5yMfi91yazPb2l+lbJiwW+wdo1gNeRA+3RgNSO39WYX2euey41KEwnqesU2Jew==

"@types/stack-utils@^2.0.0":
  version "2.0.1"
  resolved "https://registry.npmjs.org/@types/stack-utils/-/stack-utils-2.0.1.tgz"
  integrity sha512-Hl219/BT5fLAaz6NDkSuhzasy49dwQS/DSdu4MdggFB8zcXv7vflBI3xp7FEmkmdDkBUI2bPUNeMttp2knYdxw==

"@types/websocket@^1.0.3":
  version "1.0.5"
  resolved "https://registry.npmjs.org/@types/websocket/-/websocket-1.0.5.tgz"
  integrity sha512-NbsqiNX9CnEfC1Z0Vf4mE1SgAJ07JnRYcNex7AJ9zAVzmiGHmjKFEk7O4TJIsgv2B1sLEb6owKFZrACwdYngsQ==
  dependencies:
    "@types/node" "*"

"@types/yargs-parser@*":
  version "21.0.0"
  resolved "https://registry.npmjs.org/@types/yargs-parser/-/yargs-parser-21.0.0.tgz"
  integrity sha512-iO9ZQHkZxHn4mSakYV0vFHAVDyEOIJQrV2uZ06HxEPcx+mt8swXoZHIbaaJ2crJYFfErySgktuTZ3BeLz+XmFA==

"@types/yargs@^17.0.8":
  version "17.0.13"
  resolved "https://registry.npmjs.org/@types/yargs/-/yargs-17.0.13.tgz"
  integrity sha512-9sWaruZk2JGxIQU+IhI1fhPYRcQ0UuTNuKuCW9bR5fp7qi2Llf7WDzNa17Cy7TKnh3cdxDOiyTu6gaLS0eDatg==
  dependencies:
    "@types/yargs-parser" "*"

"@vercel/analytics@^0.1.11":
  version "0.1.11"
  resolved "https://registry.npmjs.org/@vercel/analytics/-/analytics-0.1.11.tgz"
  integrity sha512-mj5CPR02y0BRs1tN3oZcBNAX9a8NxsIUl9vElDPcqxnMfP0RbRc9fI9Ud7+QDg/1Izvt5uMumsr+6YsmVHcyuw==

ansi-styles@^3.2.1:
  version "3.2.1"
  resolved "https://registry.npmjs.org/ansi-styles/-/ansi-styles-3.2.1.tgz"
  integrity sha512-VT0ZI6kZRdTh8YyJw3SMbYm/u+NqfsAxEpWO0Pf9sq8/e94WxxOpPKx9FR1FlyCtOVDNOQ+8ntlqFxiRc+r5qA==
  dependencies:
    color-convert "^1.9.0"

ansi-styles@^4.1.0:
  version "4.3.0"
  resolved "https://registry.npmjs.org/ansi-styles/-/ansi-styles-4.3.0.tgz"
  integrity sha512-zbB9rCJAT1rbjiVDb2hqKFHNYLxgtk8NURxZ3IZwD3F6NtxbXZQCnnSi1Lkx+IDohdPlFp222wVALIheZJQSEg==
  dependencies:
    color-convert "^2.0.1"

ansi-styles@^5.0.0:
  version "5.2.0"
  resolved "https://registry.npmjs.org/ansi-styles/-/ansi-styles-5.2.0.tgz"
  integrity sha512-Cxwpt2SfTzTtXcfOlzGEee8O+c+MmUgGrNiBcXnuWxuFJHe6a5Hz7qwhwe5OgaSYI0IJvkLqWX1ASG+cJOkEiA==

braces@^3.0.2:
  version "3.0.2"
  resolved "https://registry.npmjs.org/braces/-/braces-3.0.2.tgz"
  integrity sha512-b8um+L1RzM3WDSzvhm6gIz1yfTbBt6YTlcEKAvsmqCZZFw46z626lVj9j1yEPW33H5H+lBQpZMP1k8l+78Ha0A==
  dependencies:
    fill-range "^7.0.1"

bufferutil@^4.0.1:
  version "4.0.7"
  resolved "https://registry.npmjs.org/bufferutil/-/bufferutil-4.0.7.tgz"
  integrity sha512-kukuqc39WOHtdxtw4UScxF/WVnMFVSQVKhtx3AjZJzhd0RGZZldcrfSEbVsWWe6KNH253574cq5F+wpv0G9pJw==
  dependencies:
    node-gyp-build "^4.3.0"

busboy@1.6.0:
  version "1.6.0"
  resolved "https://registry.yarnpkg.com/busboy/-/busboy-1.6.0.tgz#966ea36a9502e43cdb9146962523b92f531f6893"
  integrity sha512-8SFQbg/0hQ9xy3UNTB0YEnsNBbWfhf7RtnzpL7TkBiTBRfrQ9Fxcnz7VJsleJpyp6rVLvXiuORqjlHi5q+PYuA==
  dependencies:
    streamsearch "^1.1.0"

caniuse-lite@^1.0.30001406:
  version "1.0.30001414"
  resolved "https://registry.npmjs.org/caniuse-lite/-/caniuse-lite-1.0.30001414.tgz"
  integrity sha512-t55jfSaWjCdocnFdKQoO+d2ct9C59UZg4dY3OnUlSZ447r8pUtIKdp0hpAzrGFultmTC+Us+KpKi4GZl/LXlFg==

chalk@^2.0.0:
  version "2.4.2"
  resolved "https://registry.npmjs.org/chalk/-/chalk-2.4.2.tgz"
  integrity sha512-Mti+f9lpJNcwF4tWV8/OrTTtF1gZi+f8FqlyAdouralcFWFQWF2+NgCHShjkCb+IFBLq9buZwE1xckQU4peSuQ==
  dependencies:
    ansi-styles "^3.2.1"
    escape-string-regexp "^1.0.5"
    supports-color "^5.3.0"

chalk@^4.0.0:
  version "4.1.2"
  resolved "https://registry.npmjs.org/chalk/-/chalk-4.1.2.tgz"
  integrity sha512-oKnbhFyRIXpUuez8iBMmyEa4nbj4IOQyuhc/wy9kY7/WVPcwIO9VA668Pu8RkO7+0G76SLROeyw9CpQ061i4mA==
  dependencies:
    ansi-styles "^4.1.0"
    supports-color "^7.1.0"

ci-info@^3.2.0:
  version "3.4.0"
  resolved "https://registry.npmjs.org/ci-info/-/ci-info-3.4.0.tgz"
  integrity sha512-t5QdPT5jq3o262DOQ8zA6E1tlH2upmUc4Hlvrbx1pGYJuiiHl7O7rvVNI+l8HTVhd/q3Qc9vqimkNk5yiXsAug==

client-only@0.0.1:
  version "0.0.1"
  resolved "https://registry.yarnpkg.com/client-only/-/client-only-0.0.1.tgz#38bba5d403c41ab150bff64a95c85013cf73bca1"
  integrity sha512-IV3Ou0jSMzZrd3pZ48nLkT9DA7Ag1pnPzaiQhpW7c3RbcqqzvzzVu+L8gfqMp/8IM2MQtSiqaCxrrcfu8I8rMA==

color-convert@^1.9.0:
  version "1.9.3"
  resolved "https://registry.npmjs.org/color-convert/-/color-convert-1.9.3.tgz"
  integrity sha512-QfAUtd+vFdAtFQcC8CCyYt1fYWxSqAiK2cSD6zDB8N3cpsEBAvRxp9zOGg6G/SHHJYAT88/az/IuDGALsNVbGg==
  dependencies:
    color-name "1.1.3"

color-convert@^2.0.1:
  version "2.0.1"
  resolved "https://registry.npmjs.org/color-convert/-/color-convert-2.0.1.tgz"
  integrity sha512-RRECPsj7iu/xb5oKYcsFHSppFNnsj/52OVTRKb4zP5onXwVF3zVmmToNcOfGC+CRDpfK/U584fMg38ZHCaElKQ==
  dependencies:
    color-name "~1.1.4"

color-name@1.1.3:
  version "1.1.3"
  resolved "https://registry.npmjs.org/color-name/-/color-name-1.1.3.tgz"
  integrity sha512-72fSenhMw2HZMTVHeCA9KCmpEIbzWiQsjN+BHcBbS9vr1mtt+vJjPdksIBNUmKAW8TFUDPJK5SUU3QhE9NEXDw==

color-name@~1.1.4:
  version "1.1.4"
  resolved "https://registry.npmjs.org/color-name/-/color-name-1.1.4.tgz"
  integrity sha512-dOy+3AuW3a2wNbZHIuMZpTcgjGuLU/uBL/ubcZF9OXbDo8ff4O8yVp5Bf0efS8uEoYo5q4Fx7dY9OgQGXgAsQA==

cross-fetch@^3.1.5:
  version "3.1.8"
  resolved "https://registry.npmjs.org/cross-fetch/-/cross-fetch-3.1.8.tgz"
  integrity sha512-cvA+JwZoU0Xq+h6WkMvAUqPEYy92Obet6UdKLfW60qn99ftItKjB5T+BkyWOFWe2pUyfQ+IJHmpOTznqk1M6Kg==
  dependencies:
    node-fetch "^2.6.12"

csstype@^3.0.2:
  version "3.1.1"
  resolved "https://registry.npmjs.org/csstype/-/csstype-3.1.1.tgz"
  integrity sha512-DJR/VvkAvSZW9bTouZue2sSxDwdTN92uHjqeKVm+0dAqdfNykRzQ95tay8aXMBAAPpUiq4Qcug2L7neoRh2Egw==

d@1, d@^1.0.1:
  version "1.0.1"
  resolved "https://registry.npmjs.org/d/-/d-1.0.1.tgz"
  integrity sha512-m62ShEObQ39CfralilEQRjH6oAMtNCV1xJyEx5LpRYUVN+EviphDgUc/F3hnYbADmkiNs67Y+3ylmlG7Lnu+FA==
  dependencies:
    es5-ext "^0.10.50"
    type "^1.0.1"

debug@^2.2.0:
  version "2.6.9"
  resolved "https://registry.npmjs.org/debug/-/debug-2.6.9.tgz"
  integrity sha512-bC7ElrdJaJnPbAP+1EotYvqZsb3ecl5wi6Bfi6BJTUcNowp6cvspg0jXznRTKDjm/E7AdgFBVeAPVMNcKGsHMA==
  dependencies:
    ms "2.0.0"

diff-sequences@^29.0.0:
  version "29.0.0"
  resolved "https://registry.npmjs.org/diff-sequences/-/diff-sequences-29.0.0.tgz"
  integrity sha512-7Qe/zd1wxSDL4D/X/FPjOMB+ZMDt71W94KYaq05I2l0oQqgXgs7s4ftYYmV38gBSrPz2vcygxfs1xn0FT+rKNA==

es5-ext@^0.10.35, es5-ext@^0.10.50:
  version "0.10.62"
  resolved "https://registry.npmjs.org/es5-ext/-/es5-ext-0.10.62.tgz"
  integrity sha512-BHLqn0klhEpnOKSrzn/Xsz2UIW8j+cGmo9JLzr8BiUapV8hPL9+FliFqjwr9ngW7jWdnxv6eO+/LqyhJVqgrjA==
  dependencies:
    es6-iterator "^2.0.3"
    es6-symbol "^3.1.3"
    next-tick "^1.1.0"

es6-iterator@^2.0.3:
  version "2.0.3"
  resolved "https://registry.npmjs.org/es6-iterator/-/es6-iterator-2.0.3.tgz"
  integrity sha512-zw4SRzoUkd+cl+ZoE15A9o1oQd920Bb0iOJMQkQhl3jNc03YqVjAhG7scf9C5KWRU/R13Orf588uCC6525o02g==
  dependencies:
    d "1"
    es5-ext "^0.10.35"
    es6-symbol "^3.1.1"

es6-symbol@^3.1.1, es6-symbol@^3.1.3:
  version "3.1.3"
  resolved "https://registry.npmjs.org/es6-symbol/-/es6-symbol-3.1.3.tgz"
  integrity sha512-NJ6Yn3FuDinBaBRWl/q5X/s4koRHBrgKAu+yGI6JCBeiu3qrcbJhwT2GeR/EXVfylRk8dpQVJoLEFhK+Mu31NA==
  dependencies:
    d "^1.0.1"
    ext "^1.1.2"

escape-string-regexp@^1.0.5:
  version "1.0.5"
  resolved "https://registry.npmjs.org/escape-string-regexp/-/escape-string-regexp-1.0.5.tgz"
  integrity sha512-vbRorB5FUQWvla16U8R/qgaFIya2qGzwDrNmCZuYKrbdSUMG6I1ZCGQRefkRVhuOkIGVne7BQ35DSfo1qvJqFg==

escape-string-regexp@^2.0.0:
  version "2.0.0"
  resolved "https://registry.npmjs.org/escape-string-regexp/-/escape-string-regexp-2.0.0.tgz"
  integrity sha512-UpzcLCXolUWcNu5HtVMHYdXJjArjsF9C0aNnquZYY4uW/Vu0miy5YoWvbV345HauVvcAUnpRuhMMcqTcGOY2+w==

expect@^29.0.0:
  version "29.1.2"
  resolved "https://registry.npmjs.org/expect/-/expect-29.1.2.tgz"
  integrity sha512-AuAGn1uxva5YBbBlXb+2JPxJRuemZsmlGcapPXWNSBNsQtAULfjioREGBWuI0EOvYUKjDnrCy8PW5Zlr1md5mw==
  dependencies:
    "@jest/expect-utils" "^29.1.2"
    jest-get-type "^29.0.0"
    jest-matcher-utils "^29.1.2"
    jest-message-util "^29.1.2"
    jest-util "^29.1.2"

ext@^1.1.2:
  version "1.7.0"
  resolved "https://registry.npmjs.org/ext/-/ext-1.7.0.tgz"
  integrity sha512-6hxeJYaL110a9b5TEJSj0gojyHQAmA2ch5Os+ySCiA1QGdS697XWY1pzsrSjqA9LDEEgdB/KypIlR59RcLuHYw==
  dependencies:
    type "^2.7.2"

fill-range@^7.0.1:
  version "7.0.1"
  resolved "https://registry.npmjs.org/fill-range/-/fill-range-7.0.1.tgz"
  integrity sha512-qOo9F+dMUmC2Lcb4BbVvnKJxTPjCm+RRpe4gDuGrzkL7mEVl/djYSu2OdQ2Pa302N4oqkSg9ir6jaLWJ2USVpQ==
  dependencies:
    to-regex-range "^5.0.1"

glob-to-regexp@^0.4.1:
  version "0.4.1"
  resolved "https://registry.yarnpkg.com/glob-to-regexp/-/glob-to-regexp-0.4.1.tgz#c75297087c851b9a578bd217dd59a92f59fe546e"
  integrity sha512-lkX1HJXwyMcprw/5YUZc2s7DrpAiHB21/V+E1rHUrVNokkvB6bqMzT0VfV6/86ZNabt1k14YOIaT7nDvOX3Iiw==

graceful-fs@^4.1.2:
  version "4.2.11"
  resolved "https://registry.yarnpkg.com/graceful-fs/-/graceful-fs-4.2.11.tgz#4183e4e8bf08bb6e05bbb2f7d2e0c8f712ca40e3"
  integrity sha512-RbJ5/jmFcNNCcDV5o9eTnBLJ/HszWV0P73bc+Ff4nS/rJj+YaS6IGyiOL0VoBYX+l1Wrl3k63h/KrH+nhJ0XvQ==

graceful-fs@^4.2.9:
  version "4.2.10"
  resolved "https://registry.npmjs.org/graceful-fs/-/graceful-fs-4.2.10.tgz"
  integrity sha512-9ByhssR2fPVsNZj478qUUbKfmL0+t5BDVyjShtyZZLiK7ZDAArFFfopyOTj0M05wE2tJPisA4iTnnXl2YoPvOA==

has-flag@^3.0.0:
  version "3.0.0"
  resolved "https://registry.npmjs.org/has-flag/-/has-flag-3.0.0.tgz"
  integrity sha512-sKJf1+ceQBr4SMkvQnBDNDtf4TXpVhVGateu0t918bl30FnbE2m4vNLX+VWe/dpjlb+HugGYzW7uQXH98HPEYw==

has-flag@^4.0.0:
  version "4.0.0"
  resolved "https://registry.npmjs.org/has-flag/-/has-flag-4.0.0.tgz"
  integrity sha512-EykJT/Q1KjTWctppgIAgfSO0tKVuZUjhgMr17kqTumMl6Afv3EISleU7qZUzoXDFTAHTDC4NOoG/ZxU3EvlMPQ==

is-number@^7.0.0:
  version "7.0.0"
  resolved "https://registry.npmjs.org/is-number/-/is-number-7.0.0.tgz"
  integrity sha512-41Cifkg6e8TylSpdtTpeLVMqvSBEVzTttHvERD741+pnZ8ANv0004MRL43QKPDlK9cGvNp6NZWZUBlbGXYxxng==

is-typedarray@^1.0.0:
  version "1.0.0"
  resolved "https://registry.npmjs.org/is-typedarray/-/is-typedarray-1.0.0.tgz"
  integrity sha512-cyA56iCMHAh5CdzjJIa4aohJyeO1YbwLi3Jc35MmRU6poroFjIGZzUzupGiRPOjgHg9TLu43xbpwXk523fMxKA==

jest-diff@^29.1.2:
  version "29.1.2"
  resolved "https://registry.npmjs.org/jest-diff/-/jest-diff-29.1.2.tgz"
  integrity sha512-4GQts0aUopVvecIT4IwD/7xsBaMhKTYoM4/njE/aVw9wpw+pIUVp8Vab/KnSzSilr84GnLBkaP3JLDnQYCKqVQ==
  dependencies:
    chalk "^4.0.0"
    diff-sequences "^29.0.0"
    jest-get-type "^29.0.0"
    pretty-format "^29.1.2"

jest-get-type@^29.0.0:
  version "29.0.0"
  resolved "https://registry.npmjs.org/jest-get-type/-/jest-get-type-29.0.0.tgz"
  integrity sha512-83X19z/HuLKYXYHskZlBAShO7UfLFXu/vWajw9ZNJASN32li8yHMaVGAQqxFW1RCFOkB7cubaL6FaJVQqqJLSw==

jest-matcher-utils@^29.1.2:
  version "29.1.2"
  resolved "https://registry.npmjs.org/jest-matcher-utils/-/jest-matcher-utils-29.1.2.tgz"
  integrity sha512-MV5XrD3qYSW2zZSHRRceFzqJ39B2z11Qv0KPyZYxnzDHFeYZGJlgGi0SW+IXSJfOewgJp/Km/7lpcFT+cgZypw==
  dependencies:
    chalk "^4.0.0"
    jest-diff "^29.1.2"
    jest-get-type "^29.0.0"
    pretty-format "^29.1.2"

jest-message-util@^29.1.2:
  version "29.1.2"
  resolved "https://registry.npmjs.org/jest-message-util/-/jest-message-util-29.1.2.tgz"
  integrity sha512-9oJ2Os+Qh6IlxLpmvshVbGUiSkZVc2FK+uGOm6tghafnB2RyjKAxMZhtxThRMxfX1J1SOMhTn9oK3/MutRWQJQ==
  dependencies:
    "@babel/code-frame" "^7.12.13"
    "@jest/types" "^29.1.2"
    "@types/stack-utils" "^2.0.0"
    chalk "^4.0.0"
    graceful-fs "^4.2.9"
    micromatch "^4.0.4"
    pretty-format "^29.1.2"
    slash "^3.0.0"
    stack-utils "^2.0.3"

jest-util@^29.1.2:
  version "29.1.2"
  resolved "https://registry.npmjs.org/jest-util/-/jest-util-29.1.2.tgz"
  integrity sha512-vPCk9F353i0Ymx3WQq3+a4lZ07NXu9Ca8wya6o4Fe4/aO1e1awMMprZ3woPFpKwghEOW+UXgd15vVotuNN9ONQ==
  dependencies:
    "@jest/types" "^29.1.2"
    "@types/node" "*"
    chalk "^4.0.0"
    ci-info "^3.2.0"
    graceful-fs "^4.2.9"
    picomatch "^2.2.3"

jose@^4.14.3:
  version "4.14.4"
  resolved "https://registry.yarnpkg.com/jose/-/jose-4.14.4.tgz#59e09204e2670c3164ee24cbfe7115c6f8bff9ca"
  integrity sha512-j8GhLiKmUAh+dsFXlX1aJCbt5KMibuKb+d7j1JaOJG6s2UjX1PQlW+OKB/sD4a/5ZYF4RcmYmLSndOoU3Lt/3g==

"js-tokens@^3.0.0 || ^4.0.0", js-tokens@^4.0.0:
  version "4.0.0"
  resolved "https://registry.npmjs.org/js-tokens/-/js-tokens-4.0.0.tgz"
  integrity sha512-RdJUflcE3cUzKiMqQgsCu06FPu9UdIJO0beYbPhHN4k6apgJtifcoCtT9bcxOpYBtpD2kCM6Sbzg4CausW/PKQ==

loose-envify@^1.1.0:
  version "1.4.0"
  resolved "https://registry.npmjs.org/loose-envify/-/loose-envify-1.4.0.tgz"
  integrity sha512-lyuxPGr/Wfhrlem2CL/UcnUc1zcqKAImBDzukY7Y5F/yQiNdko6+fRLevlw1HgMySw7f611UIY408EtxRSoK3Q==
  dependencies:
    js-tokens "^3.0.0 || ^4.0.0"

micromatch@^4.0.4:
  version "4.0.5"
  resolved "https://registry.npmjs.org/micromatch/-/micromatch-4.0.5.tgz"
  integrity sha512-DMy+ERcEW2q8Z2Po+WNXuw3c5YaUSFjAO5GsJqfEl7UjvtIuFKO6ZrKvcItdy98dwFI2N1tg3zNIdKaQT+aNdA==
  dependencies:
    braces "^3.0.2"
    picomatch "^2.3.1"

ms@2.0.0:
  version "2.0.0"
  resolved "https://registry.npmjs.org/ms/-/ms-2.0.0.tgz"
  integrity sha512-Tpp60P6IUJDTuOq/5Z8cdskzJujfwqfOTkrwIwj7IRISpnkJnT6SyJ4PCPnGMoFjC9ddhal5KVIYtAt97ix05A==

nanoid@^3.3.4:
  version "3.3.4"
  resolved "https://registry.npmjs.org/nanoid/-/nanoid-3.3.4.tgz"
  integrity sha512-MqBkQh/OHTS2egovRtLk45wEyNXwF+cokD+1YPf9u5VfJiRdAiRwB2froX5Co9Rh20xs4siNPm8naNotSD6RBw==

next-tick@^1.1.0:
  version "1.1.0"
  resolved "https://registry.npmjs.org/next-tick/-/next-tick-1.1.0.tgz"
  integrity sha512-CXdUiJembsNjuToQvxayPZF9Vqht7hewsvy2sOWafLvi2awflj9mOC6bHIg50orX8IJvWKY9wYQ/zB2kogPslQ==

next@^13.4.13:
  version "13.4.13"
  resolved "https://registry.yarnpkg.com/next/-/next-13.4.13.tgz#8824c5702daa2ef691386871c9158a6324df33d6"
  integrity sha512-A3YVbVDNeXLhWsZ8Nf6IkxmNlmTNz0yVg186NJ97tGZqPDdPzTrHotJ+A1cuJm2XfuWPrKOUZILl5iBQkIf8Jw==
  dependencies:
    "@next/env" "13.4.13"
    "@swc/helpers" "0.5.1"
    busboy "1.6.0"
    caniuse-lite "^1.0.30001406"
    postcss "8.4.14"
    styled-jsx "5.1.1"
    watchpack "2.4.0"
    zod "3.21.4"
  optionalDependencies:
    "@next/swc-darwin-arm64" "13.4.13"
    "@next/swc-darwin-x64" "13.4.13"
    "@next/swc-linux-arm64-gnu" "13.4.13"
    "@next/swc-linux-arm64-musl" "13.4.13"
    "@next/swc-linux-x64-gnu" "13.4.13"
    "@next/swc-linux-x64-musl" "13.4.13"
    "@next/swc-win32-arm64-msvc" "13.4.13"
    "@next/swc-win32-ia32-msvc" "13.4.13"
    "@next/swc-win32-x64-msvc" "13.4.13"

node-fetch@^2.6.12:
  version "2.6.12"
  resolved "https://registry.npmjs.org/node-fetch/-/node-fetch-2.6.12.tgz"
  integrity sha512-C/fGU2E8ToujUivIO0H+tpQ6HWo4eEmchoPIoXtxCrVghxdKq+QOHqEZW7tuP3KlV3bC8FRMO5nMCC7Zm1VP6g==
  dependencies:
    whatwg-url "^5.0.0"

node-gyp-build@^4.3.0:
  version "4.6.0"
  resolved "https://registry.npmjs.org/node-gyp-build/-/node-gyp-build-4.6.0.tgz"
  integrity sha512-NTZVKn9IylLwUzaKjkas1e4u2DLNcV4rdYagA4PWdPwW87Bi7z+BznyKSRwS/761tV/lzCGXplWsiaMjLqP2zQ==

picocolors@^1.0.0:
  version "1.0.0"
  resolved "https://registry.npmjs.org/picocolors/-/picocolors-1.0.0.tgz"
  integrity sha512-1fygroTLlHu66zi26VoTDv8yRgm0Fccecssto+MhsZ0D/DGW2sm8E8AjW7NU5VVTRt5GxbeZ5qBuJr+HyLYkjQ==

picomatch@^2.2.3, picomatch@^2.3.1:
  version "2.3.1"
  resolved "https://registry.npmjs.org/picomatch/-/picomatch-2.3.1.tgz"
  integrity sha512-JU3teHTNjmE2VCGFzuY8EXzCDVwEqB2a8fsIvwaStHhAWJEeVd1o1QD80CU6+ZdEXXSLbSsuLwJjkCBWqRQUVA==

postcss@8.4.14:
  version "8.4.14"
  resolved "https://registry.npmjs.org/postcss/-/postcss-8.4.14.tgz"
  integrity sha512-E398TUmfAYFPBSdzgeieK2Y1+1cpdxJx8yXbK/m57nRhKSmk1GB2tO4lbLBtlkfPQTDKfe4Xqv1ASWPpayPEig==
  dependencies:
    nanoid "^3.3.4"
    picocolors "^1.0.0"
    source-map-js "^1.0.2"

pretty-format@^29.0.0, pretty-format@^29.1.2:
  version "29.1.2"
  resolved "https://registry.npmjs.org/pretty-format/-/pretty-format-29.1.2.tgz"
  integrity sha512-CGJ6VVGXVRP2o2Dorl4mAwwvDWT25luIsYhkyVQW32E4nL+TgW939J7LlKT/npq5Cpq6j3s+sy+13yk7xYpBmg==
  dependencies:
    "@jest/schemas" "^29.0.0"
    ansi-styles "^5.0.0"
    react-is "^18.0.0"

react-dom@^18.2.0:
  version "18.2.0"
  resolved "https://registry.npmjs.org/react-dom/-/react-dom-18.2.0.tgz"
  integrity sha512-6IMTriUmvsjHUjNtEDudZfuDQUoWXVxKHhlEGSk81n4YFS+r/Kl99wXiwlVXtPBtJenozv2P+hxDsw9eA7Xo6g==
  dependencies:
    loose-envify "^1.1.0"
    scheduler "^0.23.0"

react-is@^18.0.0:
  version "18.2.0"
  resolved "https://registry.npmjs.org/react-is/-/react-is-18.2.0.tgz"
  integrity sha512-xWGDIW6x921xtzPkhiULtthJHoJvBbF3q26fzloPCK0hsvxtPVelvftw3zjbHWSkR2km9Z+4uxbDDK/6Zw9B8w==

react@^18.2.0:
  version "18.2.0"
  resolved "https://registry.npmjs.org/react/-/react-18.2.0.tgz"
  integrity sha512-/3IjMdb2L9QbBdWiW5e3P2/npwMBaU9mHCSCUzNln0ZCYbcfTsGbTJrU/kGemdH2IWmB2ioZ+zkxtmq6g09fGQ==
  dependencies:
    loose-envify "^1.1.0"

scheduler@^0.23.0:
  version "0.23.0"
  resolved "https://registry.npmjs.org/scheduler/-/scheduler-0.23.0.tgz"
  integrity sha512-CtuThmgHNg7zIZWAXi3AsyIzA3n4xx7aNyjwC2VJldO2LMVDhFK+63xGqq6CsJH4rTAt6/M+N4GhZiDYPx9eUw==
  dependencies:
    loose-envify "^1.1.0"

set-cookie-parser@^2.6.0:
  version "2.6.0"
  resolved "https://registry.yarnpkg.com/set-cookie-parser/-/set-cookie-parser-2.6.0.tgz#131921e50f62ff1a66a461d7d62d7b21d5d15a51"
  integrity sha512-RVnVQxTXuerk653XfuliOxBP81Sf0+qfQE73LIYKcyMYHG94AuH0kgrQpRDuTZnSmjpysHmzxJXKNfa6PjFhyQ==

slash@^3.0.0:
  version "3.0.0"
  resolved "https://registry.npmjs.org/slash/-/slash-3.0.0.tgz"
  integrity sha512-g9Q1haeby36OSStwb4ntCGGGaKsaVSjQ68fBxoQcutl5fS1vuY18H3wSt3jFyFtrkx+Kz0V1G85A4MyAdDMi2Q==

source-map-js@^1.0.2:
  version "1.0.2"
  resolved "https://registry.npmjs.org/source-map-js/-/source-map-js-1.0.2.tgz"
  integrity sha512-R0XvVJ9WusLiqTCEiGCmICCMplcCkIwwR11mOSD9CR5u+IXYdiseeEuXCVAjS54zqwkLcPNnmU4OeJ6tUrWhDw==

stack-utils@^2.0.3:
  version "2.0.5"
  resolved "https://registry.npmjs.org/stack-utils/-/stack-utils-2.0.5.tgz"
  integrity sha512-xrQcmYhOsn/1kX+Vraq+7j4oE2j/6BFscZ0etmYg81xuM8Gq0022Pxb8+IqgOFUIaxHs0KaSb7T1+OegiNrNFA==
  dependencies:
    escape-string-regexp "^2.0.0"

streamsearch@^1.1.0:
  version "1.1.0"
  resolved "https://registry.yarnpkg.com/streamsearch/-/streamsearch-1.1.0.tgz#404dd1e2247ca94af554e841a8ef0eaa238da764"
  integrity sha512-Mcc5wHehp9aXz1ax6bZUyY5afg9u2rv5cqQI3mRrYkGC8rW2hM02jWuwjtL++LS5qinSyhj2QfLyNsuc+VsExg==

styled-jsx@5.1.1:
  version "5.1.1"
  resolved "https://registry.yarnpkg.com/styled-jsx/-/styled-jsx-5.1.1.tgz#839a1c3aaacc4e735fed0781b8619ea5d0009d1f"
  integrity sha512-pW7uC1l4mBZ8ugbiZrcIsiIvVx1UmTfw7UkC3Um2tmfUq9Bhk8IiyEIPl6F8agHgjzku6j0xQEZbfA5uSgSaCw==
  dependencies:
    client-only "0.0.1"

supports-color@^5.3.0:
  version "5.5.0"
  resolved "https://registry.npmjs.org/supports-color/-/supports-color-5.5.0.tgz"
  integrity sha512-QjVjwdXIt408MIiAqCX4oUKsgU2EqAGzs2Ppkm4aQYbjm+ZEWEcW4SfFNTr4uMNZma0ey4f5lgLrkB0aX0QMow==
  dependencies:
    has-flag "^3.0.0"

supports-color@^7.1.0:
  version "7.2.0"
  resolved "https://registry.npmjs.org/supports-color/-/supports-color-7.2.0.tgz"
  integrity sha512-qpCAvRl9stuOHveKsn7HncJRvv501qIacKzQlO/+Lwxc9+0q2wLyv4Dfvt80/DPn2pqOBsJdDiogXGR9+OvwRw==
  dependencies:
    has-flag "^4.0.0"

to-regex-range@^5.0.1:
  version "5.0.1"
  resolved "https://registry.npmjs.org/to-regex-range/-/to-regex-range-5.0.1.tgz"
  integrity sha512-65P7iz6X5yEr1cwcgvQxbbIw7Uk3gOy5dIdtZ4rDveLqhrdJP+Li/Hx6tyK0NEb+2GCyneCMJiGqrADCSNk8sQ==
  dependencies:
    is-number "^7.0.0"

tr46@~0.0.3:
  version "0.0.3"
  resolved "https://registry.npmjs.org/tr46/-/tr46-0.0.3.tgz"
  integrity sha512-N3WMsuqV66lT30CrXNbEjx4GEwlow3v6rr4mCcv6prnfwhS01rkgyFdjPNBYd9br7LpXV1+Emh01fHnq2Gdgrw==

tslib@^2.4.0:
  version "2.4.0"
  resolved "https://registry.npmjs.org/tslib/-/tslib-2.4.0.tgz"
  integrity sha512-d6xOpEDfsi2CZVlPQzGeux8XMwLT9hssAsaPYExaQMuYskwb+x1x7J371tWlbBdWHroy99KnVB6qIkUbs5X3UQ==

type@^1.0.1:
  version "1.2.0"
  resolved "https://registry.npmjs.org/type/-/type-1.2.0.tgz"
  integrity sha512-+5nt5AAniqsCnu2cEQQdpzCAh33kVx8n0VoFidKpB1dVVLAN/F+bgVOqOJqOnEnrhp222clB5p3vUlD+1QAnfg==

type@^2.7.2:
  version "2.7.2"
  resolved "https://registry.npmjs.org/type/-/type-2.7.2.tgz"
  integrity sha512-dzlvlNlt6AXU7EBSfpAscydQ7gXB+pPGsPnfJnZpiNJBDj7IaJzQlBZYGdEi4R9HmPdBv2XmWJ6YUtoTa7lmCw==

typedarray-to-buffer@^3.1.5:
  version "3.1.5"
  resolved "https://registry.npmjs.org/typedarray-to-buffer/-/typedarray-to-buffer-3.1.5.tgz"
  integrity sha512-zdu8XMNEDepKKR+XYOXAVPtWui0ly0NtohUscw+UmaHiAWT8hrV1rr//H6V+0DvJ3OQ19S979M0laLfX8rm82Q==
  dependencies:
    is-typedarray "^1.0.0"

typescript@^4.8.4:
  version "4.8.4"
  resolved "https://registry.npmjs.org/typescript/-/typescript-4.8.4.tgz"
  integrity sha512-QCh+85mCy+h0IGff8r5XWzOVSbBO+KfeYrMQh7NJ58QujwcE22u+NUSmUxqF+un70P9GXKxa2HCNiTTMJknyjQ==

utf-8-validate@^5.0.2:
  version "5.0.10"
  resolved "https://registry.npmjs.org/utf-8-validate/-/utf-8-validate-5.0.10.tgz"
  integrity sha512-Z6czzLq4u8fPOyx7TU6X3dvUZVvoJmxSQ+IcrlmagKhilxlhZgxPK6C5Jqbkw1IDUmFTM+cz9QDnnLTwDz/2gQ==
  dependencies:
    node-gyp-build "^4.3.0"

watchpack@2.4.0:
  version "2.4.0"
  resolved "https://registry.yarnpkg.com/watchpack/-/watchpack-2.4.0.tgz#fa33032374962c78113f93c7f2fb4c54c9862a5d"
  integrity sha512-Lcvm7MGST/4fup+ifyKi2hjyIAwcdI4HRgtvTpIUxBRhB+RFtUh8XtDOxUfctVCnhVi+QQj49i91OyvzkJl6cg==
  dependencies:
    glob-to-regexp "^0.4.1"
    graceful-fs "^4.1.2"

webidl-conversions@^3.0.0:
  version "3.0.1"
  resolved "https://registry.npmjs.org/webidl-conversions/-/webidl-conversions-3.0.1.tgz"
  integrity sha512-2JAn3z8AR6rjK8Sm8orRC0h/bcl/DqL7tRPdGZ4I1CjdF+EaMLmYxBHyXuKL849eucPFhvBoxMsflfOb8kxaeQ==

websocket@^1.0.34:
  version "1.0.34"
  resolved "https://registry.npmjs.org/websocket/-/websocket-1.0.34.tgz"
  integrity sha512-PRDso2sGwF6kM75QykIesBijKSVceR6jL2G8NGYyq2XrItNC2P5/qL5XeR056GhA+Ly7JMFvJb9I312mJfmqnQ==
  dependencies:
    bufferutil "^4.0.1"
    debug "^2.2.0"
    es5-ext "^0.10.50"
    typedarray-to-buffer "^3.1.5"
    utf-8-validate "^5.0.2"
    yaeti "^0.0.6"

whatwg-url@^5.0.0:
  version "5.0.0"
  resolved "https://registry.npmjs.org/whatwg-url/-/whatwg-url-5.0.0.tgz"
  integrity sha512-saE57nupxk6v3HY35+jzBwYa0rKSy0XR8JSxZPwgLr7ys0IBzhGviA1/TUGJLmSVqs8pb9AnvICXEuOHLprYTw==
  dependencies:
    tr46 "~0.0.3"
    webidl-conversions "^3.0.0"

yaeti@^0.0.6:
  version "0.0.6"
  resolved "https://registry.npmjs.org/yaeti/-/yaeti-0.0.6.tgz"
  integrity sha512-MvQa//+KcZCUkBTIC9blM+CU9J2GzuTytsOUwf2lidtvkx/6gnEp1QvJv34t9vdjhFmha/mUiNDbN0D0mJWdug==

zod@3.21.4:
  version "3.21.4"
  resolved "https://registry.yarnpkg.com/zod/-/zod-3.21.4.tgz#10882231d992519f0a10b5dd58a38c9dabbb64db"
  integrity sha512-m46AKbrzKVzOzs/DZgVnG5H55N1sv1M8qZU3A8RIKbs3mrACDNeIOeilDymVb2HdmP8uwshOCF4uJ8uM9rCqJw==
